
Microsoft Visual Studio Solution File, Format Version 11.00
# Visual Studio 2010
Project("{FAE04EC0-301F-11D3-BF4B-00C04F79EFBC}") = "KH2FM_Toolkit", "KH2FM_Toolkit.csproj", "{3959D5A8-EA6F-479F-83E2-A7637B695E0A}"
EndProject
Global
	GlobalSection(SolutionConfigurationPlatforms) = preSolution
		Debug|Any CPU = Debug|Any CPU
		Release|Any CPU = Release|Any CPU
		Patch Convertor|Any CPU = Patch Convertor|Any CPU
		Private|Any CPU = Private|Any CPU
		Patch Extractor|Any CPU = Patch Extractor|Any CPU
		Replacer|Any CPU = Replacer|Any CPU
		Debug_Blacklist|Any CPU = Debug_Blacklist|Any CPU
		Release_Blacklist|Any CPU = Release_Blacklist|Any CPU
	EndGlobalSection
	GlobalSection(ProjectConfigurationPlatforms) = postSolution
		{3959D5A8-EA6F-479F-83E2-A7637B695E0A}.Debug_Blacklist|Any CPU.ActiveCfg = Debug_Blacklist|Any CPU
		{3959D5A8-EA6F-479F-83E2-A7637B695E0A}.Debug_Blacklist|Any CPU.Build.0 = Debug_Blacklist|Any CPU
		{3959D5A8-EA6F-479F-83E2-A7637B695E0A}.Debug|Any CPU.ActiveCfg = Debug|Any CPU
		{3959D5A8-EA6F-479F-83E2-A7637B695E0A}.Debug|Any CPU.Build.0 = Debug|Any CPU
		{3959D5A8-EA6F-479F-83E2-A7637B695E0A}.Patch Convertor|Any CPU.ActiveCfg = Patch Convertor|Any CPU
		{3959D5A8-EA6F-479F-83E2-A7637B695E0A}.Patch Convertor|Any CPU.Build.0 = Patch Convertor|Any CPU
		{3959D5A8-EA6F-479F-83E2-A7637B695E0A}.Patch Extractor|Any CPU.ActiveCfg = Patch Extractor|Any CPU
		{3959D5A8-EA6F-479F-83E2-A7637B695E0A}.Patch Extractor|Any CPU.Build.0 = Patch Extractor|Any CPU
		{3959D5A8-EA6F-479F-83E2-A7637B695E0A}.Private|Any CPU.ActiveCfg = Private|Any CPU
		{3959D5A8-EA6F-479F-83E2-A7637B695E0A}.Private|Any CPU.Build.0 = Private|Any CPU
		{3959D5A8-EA6F-479F-83E2-A7637B695E0A}.Release_Blacklist|Any CPU.ActiveCfg = Release_Blacklist|Any CPU
		{3959D5A8-EA6F-479F-83E2-A7637B695E0A}.Release_Blacklist|Any CPU.Build.0 = Release_Blacklist|Any CPU
		{3959D5A8-EA6F-479F-83E2-A7637B695E0A}.Release|Any CPU.ActiveCfg = Release|Any CPU
		{3959D5A8-EA6F-479F-83E2-A7637B695E0A}.Release|Any CPU.Build.0 = Release|Any CPU
		{3959D5A8-EA6F-479F-83E2-A7637B695E0A}.Replacer|Any CPU.ActiveCfg = Replacer|Any CPU
		{3959D5A8-EA6F-479F-83E2-A7637B695E0A}.Replacer|Any CPU.Build.0 = Replacer|Any CPU
	EndGlobalSection
EndGlobal
